# generated by rye
# use `rye lock` or `rye sync` to update this lockfile
#
# last locked with the following flags:
#   pre: false
#   features: []
#   all-features: false
#   with-sources: false
#   generate-hashes: false
#   universal: false

-e file:.
pillow==11.3.0
    # via book-cover-maker
pip==25.2
    # via rye-easy
rye-easy==0.1.29
    # via book-cover-maker
tomli==2.3.0
    # via rye-easy
tomli-w==1.2.0
    # via rye-easy
